<?xml version="1.0" encoding="utf-8"?>
<Project ToolsVersion="12.0" xmlns="http://schemas.microsoft.com/developer/msbuild/2003">
  <ItemGroup>
    <ClCompile Include="prx.cpp" />
    <ClCompile Include="src\math\decimal4.cpp" />
    <ClCompile Include="src\default_traits.cpp" />
    <ClCompile Include="src\math\ivec.cpp" />
    <ClCompile Include="src\system\util.cpp" />
    <ClCompile Include="src\system\core.cpp" />
    <ClCompile Include="src\graphics\renderer.cpp" />
    <ClCompile Include="src\debug\log.cpp" />
    <ClCompile Include="src\incl\TCSB.cpp" />
    <ClCompile Include="src\system\formatter.inl" />
    <ClCompile Include="src\math\math.cpp" />
    <ClCompile Include="src\math\rectangle.cpp" />
  </ItemGroup>
  <ItemGroup>
    <ClInclude Include="render.h" />
    <ClInclude Include="random.h" />
    <ClInclude Include="BinaryReader.h" />
    <ClInclude Include="string_stream.h" />
    <ClInclude Include="Json.h" />
    <ClInclude Include="FileStream.h" />
    <ClInclude Include="Buffer.h" />
    <ClInclude Include="Optional.h" />
    <ClInclude Include="Stack.h" />
    <ClInclude Include="md5_hash.h" />
    <ClInclude Include="print.h" />
    <ClInclude Include="wsnprintf.h" />
    <ClInclude Include="GC.h" />
    <ClInclude Include="Str.h" />
    <ClInclude Include="externs.h" />
    <ClInclude Include="Filereader.h" />
    <ClInclude Include="src\graphics\stb_image.h" />
    <ClInclude Include="src\math\structs_old.h" />
    <ClInclude Include="src\math\math.h" />
    <ClInclude Include="src\math\decimal4.h" />
    <ClInclude Include="src\math\rectangle.h" />
    <ClInclude Include="src\math\ivec.h" />
    <ClInclude Include="src\default_traits.h" />
    <ClInclude Include="src\core\program.h" />
    <ClInclude Include="src\system\types.h" />
    <ClInclude Include="src\system\defs.h" />
    <ClInclude Include="src\system\all_intrinsics_builtin.h" />
    <ClInclude Include="src\system\util.h" />
    <ClInclude Include="src\system\core.h" />
    <ClInclude Include="src\graphics\gl.h" />
    <ClInclude Include="src\graphics\renderer.h" />
    <ClInclude Include="src\debug\log.h" />
    <ClInclude Include="src\system\formatter.h" />
    <ClInclude Include="src\incl\TCSB.h" />
    <ClInclude Include="src\system\wstring_builtin.h" />
  </ItemGroup>
  <ItemGroup>
    <None Include="src\math\ivec.inl" />
    <None Include="src\math\ivec_default_vals.inl" />
    <None Include="src\math\ivec3.inl" />
    <None Include="src\math\ivec4.inl" />
  </ItemGroup>
</Project>